Microsoft Visual Studio Solution File, Format Version 12.00
# Visual Studio Version 17
VisualStudioVersion = 17.0.31903.59
MinimumVisualStudioVersion = 10.0.40219.1
Project("{F2A71F9B-5D33-465A-A702-920D77279786}") = "Notifier", "src\Notifier\Notifier.fsproj", "{515852A1-1051-4AA6-B6D4-A370AF047191}"
EndProject
Project("{F2A71F9B-5D33-465A-A702-920D77279786}") = "Register", "src\Register\Register.fsproj", "{13478BE9-A9D2-4C8B-B100-13B49D58FFD0}"
EndProject
Project("{F2A71F9B-5D33-465A-A702-920D77279786}") = "ViewMd", "src\ViewMd\ViewMd.fsproj", "{876805DB-FD6D-4F7C-84C8-660251DF6873}"
EndProject
Global
	GlobalSection(SolutionConfigurationPlatforms) = preSolution
		Debug|Any CPU = Debug|Any CPU
		Release|Any CPU = Release|Any CPU
	EndGlobalSection
	GlobalSection(ProjectConfigurationPlatforms) = postSolution
		{515852A1-1051-4AA6-B6D4-A370AF047191}.Debug|Any CPU.ActiveCfg = Debug|Any CPU
		{515852A1-1051-4AA6-B6D4-A370AF047191}.Debug|Any CPU.Build.0 = Debug|Any CPU
		{515852A1-1051-4AA6-B6D4-A370AF047191}.Release|Any CPU.ActiveCfg = Release|Any CPU
		{515852A1-1051-4AA6-B6D4-A370AF047191}.Release|Any CPU.Build.0 = Release|Any CPU
		{13478BE9-A9D2-4C8B-B100-13B49D58FFD0}.Debug|Any CPU.ActiveCfg = Debug|Any CPU
		{13478BE9-A9D2-4C8B-B100-13B49D58FFD0}.Debug|Any CPU.Build.0 = Debug|Any CPU
		{13478BE9-A9D2-4C8B-B100-13B49D58FFD0}.Release|Any CPU.ActiveCfg = Release|Any CPU
		{13478BE9-A9D2-4C8B-B100-13B49D58FFD0}.Release|Any CPU.Build.0 = Release|Any CPU
		{876805DB-FD6D-4F7C-84C8-660251DF6873}.Debug|Any CPU.ActiveCfg = Debug|Any CPU
		{876805DB-FD6D-4F7C-84C8-660251DF6873}.Debug|Any CPU.Build.0 = Debug|Any CPU
		{876805DB-FD6D-4F7C-84C8-660251DF6873}.Release|Any CPU.ActiveCfg = Release|Any CPU
		{876805DB-FD6D-4F7C-84C8-660251DF6873}.Release|Any CPU.Build.0 = Release|Any CPU
	EndGlobalSection
	GlobalSection(SolutionProperties) = preSolution
		HideSolutionNode = FALSE
	EndGlobalSection
EndGlobal
